// !$*UTF8*$!
{
	archiveVersion = 1;
	classes = {
	};
	objectVersion = 50;
	objects = {

/* Begin PBXBuildFile section */
		2A55FC5C263551A6007340DC /* AppDelegate.swift in Sources */ = {isa = PBXBuildFile; fileRef = 2A55FC5B263551A6007340DC /* AppDelegate.swift */; };
		2A55FC5E263551A6007340DC /* SceneDelegate.swift in Sources */ = {isa = PBXBuildFile; fileRef = 2A55FC5D263551A6007340DC /* SceneDelegate.swift */; };
		2A55FC62263551A7007340DC /* Assets.xcassets in Resources */ = {isa = PBXBuildFile; fileRef = 2A55FC61263551A7007340DC /* Assets.xcassets */; };
		2A55FC65263551A7007340DC /* Preview Assets.xcassets in Resources */ = {isa = PBXBuildFile; fileRef = 2A55FC64263551A7007340DC /* Preview Assets.xcassets */; };
		2A55FC68263551A7007340DC /* LaunchScreen.storyboard in Resources */ = {isa = PBXBuildFile; fileRef = 2A55FC66263551A7007340DC /* LaunchScreen.storyboard */; };
		2A55FC73263551A7007340DC /* HealthyFoodTests.swift in Sources */ = {isa = PBXBuildFile; fileRef = 2A55FC72263551A7007340DC /* HealthyFoodTests.swift */; };
		2A55FC7E263551A7007340DC /* HealthyFoodUITests.swift in Sources */ = {isa = PBXBuildFile; fileRef = 2A55FC7D263551A7007340DC /* HealthyFoodUITests.swift */; };
		2A55FC932635521A007340DC /* WelcomeView.swift in Sources */ = {isa = PBXBuildFile; fileRef = 2A55FC922635521A007340DC /* WelcomeView.swift */; };
		2A55FC942635521A007340DC /* WelcomeView.swift in Sources */ = {isa = PBXBuildFile; fileRef = 2A55FC922635521A007340DC /* WelcomeView.swift */; };
		2A55FC952635521A007340DC /* WelcomeView.swift in Sources */ = {isa = PBXBuildFile; fileRef = 2A55FC922635521A007340DC /* WelcomeView.swift */; };
		2A55FC9E26355A21007340DC /* HomeScreen.swift in Sources */ = {isa = PBXBuildFile; fileRef = 2A55FC9D26355A21007340DC /* HomeScreen.swift */; };
		2A55FC9F26355A21007340DC /* HomeScreen.swift in Sources */ = {isa = PBXBuildFile; fileRef = 2A55FC9D26355A21007340DC /* HomeScreen.swift */; };
		2A55FCA026355A21007340DC /* HomeScreen.swift in Sources */ = {isa = PBXBuildFile; fileRef = 2A55FC9D26355A21007340DC /* HomeScreen.swift */; };
		2A55FCA9263575EF007340DC /* ColorExtensions.swift in Sources */ = {isa = PBXBuildFile; fileRef = 2A55FCA8263575EF007340DC /* ColorExtensions.swift */; };
		2A55FCAA263575EF007340DC /* ColorExtensions.swift in Sources */ = {isa = PBXBuildFile; fileRef = 2A55FCA8263575EF007340DC /* ColorExtensions.swift */; };
		2A55FCAB263575EF007340DC /* ColorExtensions.swift in Sources */ = {isa = PBXBuildFile; fileRef = 2A55FCA8263575EF007340DC /* ColorExtensions.swift */; };
		2A55FCB32635761C007340DC /* DrinkItemView.swift in Sources */ = {isa = PBXBuildFile; fileRef = 2A55FCB22635761C007340DC /* DrinkItemView.swift */; };
		2A55FCB42635761C007340DC /* DrinkItemView.swift in Sources */ = {isa = PBXBuildFile; fileRef = 2A55FCB22635761C007340DC /* DrinkItemView.swift */; };
		2A55FCB52635761C007340DC /* DrinkItemView.swift in Sources */ = {isa = PBXBuildFile; fileRef = 2A55FCB22635761C007340DC /* DrinkItemView.swift */; };
		2A883266263C60D4000C8CFA /* ItemDetails.swift in Sources */ = {isa = PBXBuildFile; fileRef = 2A883265263C60D4000C8CFA /* ItemDetails.swift */; };
/* End PBXBuildFile section */

/* Begin PBXContainerItemProxy section */
		2A55FC6F263551A7007340DC /* PBXContainerItemProxy */ = {
			isa = PBXContainerItemProxy;
			containerPortal = 2A55FC50263551A6007340DC /* Project object */;
			proxyType = 1;
			remoteGlobalIDString = 2A55FC57263551A6007340DC;
			remoteInfo = HealthyFood;
		};
		2A55FC7A263551A7007340DC /* PBXContainerItemProxy */ = {
			isa = PBXContainerItemProxy;
			containerPortal = 2A55FC50263551A6007340DC /* Project object */;
			proxyType = 1;
			remoteGlobalIDString = 2A55FC57263551A6007340DC;
			remoteInfo = HealthyFood;
		};
/* End PBXContainerItemProxy section */

/* Begin PBXFileReference section */
		2A55FC58263551A6007340DC /* HealthyFood.app */ = {isa = PBXFileReference; explicitFileType = wrapper.application; includeInIndex = 0; path = HealthyFood.app; sourceTree = BUILT_PRODUCTS_DIR; };
		2A55FC5B263551A6007340DC /* AppDelegate.swift */ = {isa = PBXFileReference; lastKnownFileType = sourcecode.swift; path = AppDelegate.swift; sourceTree = "<group>"; };
		2A55FC5D263551A6007340DC /* SceneDelegate.swift */ = {isa = PBXFileReference; lastKnownFileType = sourcecode.swift; path = SceneDelegate.swift; sourceTree = "<group>"; };
		2A55FC61263551A7007340DC /* Assets.xcassets */ = {isa = PBXFileReference; lastKnownFileType = folder.assetcatalog; path = Assets.xcassets; sourceTree = "<group>"; };
		2A55FC64263551A7007340DC /* Preview Assets.xcassets */ = {isa = PBXFileReference; lastKnownFileType = folder.assetcatalog; path = "Preview Assets.xcassets"; sourceTree = "<group>"; };
		2A55FC67263551A7007340DC /* Base */ = {isa = PBXFileReference; lastKnownFileType = file.storyboard; name = Base; path = Base.lproj/LaunchScreen.storyboard; sourceTree = "<group>"; };
		2A55FC69263551A7007340DC /* Info.plist */ = {isa = PBXFileReference; lastKnownFileType = text.plist.xml; path = Info.plist; sourceTree = "<group>"; };
		2A55FC6E263551A7007340DC /* HealthyFoodTests.xctest */ = {isa = PBXFileReference; explicitFileType = wrapper.cfbundle; includeInIndex = 0; path = HealthyFoodTests.xctest; sourceTree = BUILT_PRODUCTS_DIR; };
		2A55FC72263551A7007340DC /* HealthyFoodTests.swift */ = {isa = PBXFileReference; lastKnownFileType = sourcecode.swift; path = HealthyFoodTests.swift; sourceTree = "<group>"; };
		2A55FC74263551A7007340DC /* Info.plist */ = {isa = PBXFileReference; lastKnownFileType = text.plist.xml; path = Info.plist; sourceTree = "<group>"; };
		2A55FC79263551A7007340DC /* HealthyFoodUITests.xctest */ = {isa = PBXFileReference; explicitFileType = wrapper.cfbundle; includeInIndex = 0; path = HealthyFoodUITests.xctest; sourceTree = BUILT_PRODUCTS_DIR; };
		2A55FC7D263551A7007340DC /* HealthyFoodUITests.swift */ = {isa = PBXFileReference; lastKnownFileType = sourcecode.swift; path = HealthyFoodUITests.swift; sourceTree = "<group>"; };
		2A55FC7F263551A7007340DC /* Info.plist */ = {isa = PBXFileReference; lastKnownFileType = text.plist.xml; path = Info.plist; sourceTree = "<group>"; };
		2A55FC922635521A007340DC /* WelcomeView.swift */ = {isa = PBXFileReference; lastKnownFileType = sourcecode.swift; path = WelcomeView.swift; sourceTree = "<group>"; };
		2A55FC9D26355A21007340DC /* HomeScreen.swift */ = {isa = PBXFileReference; lastKnownFileType = sourcecode.swift; path = HomeScreen.swift; sourceTree = "<group>"; };
		2A55FCA8263575EF007340DC /* ColorExtensions.swift */ = {isa = PBXFileReference; lastKnownFileType = sourcecode.swift; path = ColorExtensions.swift; sourceTree = "<group>"; };
		2A55FCB22635761C007340DC /* DrinkItemView.swift */ = {isa = PBXFileReference; lastKnownFileType = sourcecode.swift; path = DrinkItemView.swift; sourceTree = "<group>"; };
		2A883265263C60D4000C8CFA /* ItemDetails.swift */ = {isa = PBXFileReference; lastKnownFileType = sourcecode.swift; path = ItemDetails.swift; sourceTree = "<group>"; };
/* End PBXFileReference section */

/* Begin PBXFrameworksBuildPhase section */
		2A55FC55263551A6007340DC /* Frameworks */ = {
			isa = PBXFrameworksBuildPhase;
			buildActionMask = 2147483647;
			files = (
			);
			runOnlyForDeploymentPostprocessing = 0;
		};
		2A55FC6B263551A7007340DC /* Frameworks */ = {
			isa = PBXFrameworksBuildPhase;
			buildActionMask = 2147483647;
			files = (
			);
			runOnlyForDeploymentPostprocessing = 0;
		};
		2A55FC76263551A7007340DC /* Frameworks */ = {
			isa = PBXFrameworksBuildPhase;
			buildActionMask = 2147483647;
			files = (
			);
			runOnlyForDeploymentPostprocessing = 0;
		};
/* End PBXFrameworksBuildPhase section */

/* Begin PBXGroup section */
		2A55FC4F263551A6007340DC = {
			isa = PBXGroup;
			children = (
				2A55FC5A263551A6007340DC /* HealthyFood */,
				2A55FC71263551A7007340DC /* HealthyFoodTests */,
				2A55FC7C263551A7007340DC /* HealthyFoodUITests */,
				2A55FC59263551A6007340DC /* Products */,
			);
			sourceTree = "<group>";
		};
		2A55FC59263551A6007340DC /* Products */ = {
			isa = PBXGroup;
			children = (
				2A55FC58263551A6007340DC /* HealthyFood.app */,
				2A55FC6E263551A7007340DC /* HealthyFoodTests.xctest */,
				2A55FC79263551A7007340DC /* HealthyFoodUITests.xctest */,
			);
			name = Products;
			sourceTree = "<group>";
		};
		2A55FC5A263551A6007340DC /* HealthyFood */ = {
			isa = PBXGroup;
			children = (
				2A883264263C60B8000C8CFA /* ItemDetailView */,
				2A55FCA7263575D3007340DC /* extensions */,
				2A55FC9C26355A10007340DC /* HomeScreen */,
				2A55FC91263551FC007340DC /* StartingScreen */,
				2A55FC5B263551A6007340DC /* AppDelegate.swift */,
				2A55FC5D263551A6007340DC /* SceneDelegate.swift */,
				2A55FC61263551A7007340DC /* Assets.xcassets */,
				2A55FC66263551A7007340DC /* LaunchScreen.storyboard */,
				2A55FC69263551A7007340DC /* Info.plist */,
				2A55FC63263551A7007340DC /* Preview Content */,
			);
			path = HealthyFood;
			sourceTree = "<group>";
		};
		2A55FC63263551A7007340DC /* Preview Content */ = {
			isa = PBXGroup;
			children = (
				2A55FC64263551A7007340DC /* Preview Assets.xcassets */,
			);
			path = "Preview Content";
			sourceTree = "<group>";
		};
		2A55FC71263551A7007340DC /* HealthyFoodTests */ = {
			isa = PBXGroup;
			children = (
				2A55FC72263551A7007340DC /* HealthyFoodTests.swift */,
				2A55FC74263551A7007340DC /* Info.plist */,
			);
			path = HealthyFoodTests;
			sourceTree = "<group>";
		};
		2A55FC7C263551A7007340DC /* HealthyFoodUITests */ = {
			isa = PBXGroup;
			children = (
				2A55FC7D263551A7007340DC /* HealthyFoodUITests.swift */,
				2A55FC7F263551A7007340DC /* Info.plist */,
			);
			path = HealthyFoodUITests;
			sourceTree = "<group>";
		};
		2A55FC91263551FC007340DC /* StartingScreen */ = {
			isa = PBXGroup;
			children = (
				2A55FC922635521A007340DC /* WelcomeView.swift */,
			);
			path = StartingScreen;
			sourceTree = "<group>";
		};
		2A55FC9C26355A10007340DC /* HomeScreen */ = {
			isa = PBXGroup;
			children = (
				2A55FC9D26355A21007340DC /* HomeScreen.swift */,
				2A55FCB22635761C007340DC /* DrinkItemView.swift */,
			);
			path = HomeScreen;
			sourceTree = "<group>";
		};
		2A55FCA7263575D3007340DC /* extensions */ = {
			isa = PBXGroup;
			children = (
				2A55FCA8263575EF007340DC /* ColorExtensions.swift */,
			);
			path = extensions;
			sourceTree = "<group>";
		};
		2A883264263C60B8000C8CFA /* ItemDetailView */ = {
			isa = PBXGroup;
			children = (
				2A883265263C60D4000C8CFA /* ItemDetails.swift */,
			);
			path = ItemDetailView;
			sourceTree = "<group>";
		};
/* End PBXGroup section */

/* Begin PBXNativeTarget section */
		2A55FC57263551A6007340DC /* HealthyFood */ = {
			isa = PBXNativeTarget;
			buildConfigurationList = 2A55FC82263551A7007340DC /* Build configuration list for PBXNativeTarget "HealthyFood" */;
			buildPhases = (
				2A55FC54263551A6007340DC /* Sources */,
				2A55FC55263551A6007340DC /* Frameworks */,
				2A55FC56263551A6007340DC /* Resources */,
			);
			buildRules = (
			);
			dependencies = (
			);
			name = HealthyFood;
			productName = HealthyFood;
			productReference = 2A55FC58263551A6007340DC /* HealthyFood.app */;
			productType = "com.apple.product-type.application";
		};
		2A55FC6D263551A7007340DC /* HealthyFoodTests */ = {
			isa = PBXNativeTarget;
			buildConfigurationList = 2A55FC85263551A7007340DC /* Build configuration list for PBXNativeTarget "HealthyFoodTests" */;
			buildPhases = (
				2A55FC6A263551A7007340DC /* Sources */,
				2A55FC6B263551A7007340DC /* Frameworks */,
				2A55FC6C263551A7007340DC /* Resources */,
			);
			buildRules = (
			);
			dependencies = (
				2A55FC70263551A7007340DC /* PBXTargetDependency */,
			);
			name = HealthyFoodTests;
			productName = HealthyFoodTests;
			productReference = 2A55FC6E263551A7007340DC /* HealthyFoodTests.xctest */;
			productType = "com.apple.product-type.bundle.unit-test";
		};
		2A55FC78263551A7007340DC /* HealthyFoodUITests */ = {
			isa = PBXNativeTarget;
			buildConfigurationList = 2A55FC88263551A7007340DC /* Build configuration list for PBXNativeTarget "HealthyFoodUITests" */;
			buildPhases = (
				2A55FC75263551A7007340DC /* Sources */,
				2A55FC76263551A7007340DC /* Frameworks */,
				2A55FC77263551A7007340DC /* Resources */,
			);
			buildRules = (
			);
			dependencies = (
				2A55FC7B263551A7007340DC /* PBXTargetDependency */,
			);
			name = HealthyFoodUITests;
			productName = HealthyFoodUITests;
			productReference = 2A55FC79263551A7007340DC /* HealthyFoodUITests.xctest */;
			productType = "com.apple.product-type.bundle.ui-testing";
		};
/* End PBXNativeTarget section */

/* Begin PBXProject section */
		2A55FC50263551A6007340DC /* Project object */ = {
			isa = PBXProject;
			attributes = {
				LastSwiftUpdateCheck = 1220;
				LastUpgradeCheck = 1220;
				TargetAttributes = {
					2A55FC57263551A6007340DC = {
						CreatedOnToolsVersion = 12.2;
					};
					2A55FC6D263551A7007340DC = {
						CreatedOnToolsVersion = 12.2;
						TestTargetID = 2A55FC57263551A6007340DC;
					};
					2A55FC78263551A7007340DC = {
						CreatedOnToolsVersion = 12.2;
						TestTargetID = 2A55FC57263551A6007340DC;
					};
				};
			};
			buildConfigurationList = 2A55FC53263551A6007340DC /* Build configuration list for PBXProject "HealthyFood" */;
			compatibilityVersion = "Xcode 9.3";
			developmentRegion = en;
			hasScannedForEncodings = 0;
			knownRegions = (
				en,
				Base,
			);
			mainGroup = 2A55FC4F263551A6007340DC;
			productRefGroup = 2A55FC59263551A6007340DC /* Products */;
			projectDirPath = "";
			projectRoot = "";
			targets = (
				2A55FC57263551A6007340DC /* HealthyFood */,
				2A55FC6D263551A7007340DC /* HealthyFoodTests */,
				2A55FC78263551A7007340DC /* HealthyFoodUITests */,
			);
		};
/* End PBXProject section */

/* Begin PBXResourcesBuildPhase section */
		2A55FC56263551A6007340DC /* Resources */ = {
			isa = PBXResourcesBuildPhase;
			buildActionMask = 2147483647;
			files = (
				2A55FC68263551A7007340DC /* LaunchScreen.storyboard in Resources */,
				2A55FC65263551A7007340DC /* Preview Assets.xcassets in Resources */,
				2A55FC62263551A7007340DC /* Assets.xcassets in Resources */,
			);
			runOnlyForDeploymentPostprocessing = 0;
		};
		2A55FC6C263551A7007340DC /* Resources */ = {
			isa = PBXResourcesBuildPhase;
			buildActionMask = 2147483647;
			files = (
			);
			runOnlyForDeploymentPostprocessing = 0;
		};
		2A55FC77263551A7007340DC /* Resources */ = {
			isa = PBXResourcesBuildPhase;
			buildActionMask = 2147483647;
			files = (
			);
			runOnlyForDeploymentPostprocessing = 0;
		};
/* End PBXResourcesBuildPhase section */

/* Begin PBXSourcesBuildPhase section */
		2A55FC54263551A6007340DC /* Sources */ = {
			isa = PBXSourcesBuildPhase;
			buildActionMask = 2147483647;
			files = (
				2A55FCB32635761C007340DC /* DrinkItemView.swift in Sources */,
				2A55FC9E26355A21007340DC /* HomeScreen.swift in Sources */,
				2A55FCA9263575EF007340DC /* ColorExtensions.swift in Sources */,
				2A55FC5C263551A6007340DC /* AppDelegate.swift in Sources */,
				2A883266263C60D4000C8CFA /* ItemDetails.swift in Sources */,
				2A55FC932635521A007340DC /* WelcomeView.swift in Sources */,
				2A55FC5E263551A6007340DC /* SceneDelegate.swift in Sources */,
			);
			runOnlyForDeploymentPostprocessing = 0;
		};
		2A55FC6A263551A7007340DC /* Sources */ = {
			isa = PBXSourcesBuildPhase;
			buildActionMask = 2147483647;
			files = (
				2A55FCB42635761C007340DC /* DrinkItemView.swift in Sources */,
				2A55FC73263551A7007340DC /* HealthyFoodTests.swift in Sources */,
				2A55FC942635521A007340DC /* WelcomeView.swift in Sources */,
				2A55FC9F26355A21007340DC /* HomeScreen.swift in Sources */,
				2A55FCAA263575EF007340DC /* ColorExtensions.swift in Sources */,
			);
			runOnlyForDeploymentPostprocessing = 0;
		};
		2A55FC75263551A7007340DC /* Sources */ = {
			isa = PBXSourcesBuildPhase;
			buildActionMask = 2147483647;
			files = (
				2A55FCB52635761C007340DC /* DrinkItemView.swift in Sources */,
				2A55FC7E263551A7007340DC /* HealthyFoodUITests.swift in Sources */,
				2A55FC952635521A007340DC /* WelcomeView.swift in Sources */,
				2A55FCA026355A21007340DC /* HomeScreen.swift in Sources */,
				2A55FCAB263575EF007340DC /* ColorExtensions.swift in Sources */,
			);
			runOnlyForDeploymentPostprocessing = 0;
		};
/* End PBXSourcesBuildPhase section */

/* Begin PBXTargetDependency section */
		2A55FC70263551A7007340DC /* PBXTargetDependency */ = {
			isa = PBXTargetDependency;
			target = 2A55FC57263551A6007340DC /* HealthyFood */;
			targetProxy = 2A55FC6F263551A7007340DC /* PBXContainerItemProxy */;
		};
		2A55FC7B263551A7007340DC /* PBXTargetDependency */ = {
			isa = PBXTargetDependency;
			target = 2A55FC57263551A6007340DC /* HealthyFood */;
			targetProxy = 2A55FC7A263551A7007340DC /* PBXContainerItemProxy */;
		};
/* End PBXTargetDependency section */

/* Begin PBXVariantGroup section */
		2A55FC66263551A7007340DC /* LaunchScreen.storyboard */ = {
			isa = PBXVariantGroup;
			children = (
				2A55FC67263551A7007340DC /* Base */,
			);
			name = LaunchScreen.storyboard;
			sourceTree = "<group>";
		};
/* End PBXVariantGroup section */

/* Begin XCBuildConfiguration section */
		2A55FC80263551A7007340DC /* Debug */ = {
			isa = XCBuildConfiguration;
			buildSettings = {
				ALWAYS_SEARCH_USER_PATHS = NO;
				CLANG_ANALYZER_NONNULL = YES;
				CLANG_ANALYZER_NUMBER_OBJECT_CONVERSION = YES_AGGRESSIVE;
				CLANG_CXX_LANGUAGE_STANDARD = "gnu++14";
				CLANG_CXX_LIBRARY = "libc++";
				CLANG_ENABLE_MODULES = YES;
				CLANG_ENABLE_OBJC_ARC = YES;
				CLANG_ENABLE_OBJC_WEAK = YES;
				CLANG_WARN_BLOCK_CAPTURE_AUTORELEASING = YES;
				CLANG_WARN_BOOL_CONVERSION = YES;
				CLANG_WARN_COMMA = YES;
				CLANG_WARN_CONSTANT_CONVERSION = YES;
				CLANG_WARN_DEPRECATED_OBJC_IMPLEMENTATIONS = YES;
				CLANG_WARN_DIRECT_OBJC_ISA_USAGE = YES_ERROR;
				CLANG_WARN_DOCUMENTATION_COMMENTS = YES;
				CLANG_WARN_EMPTY_BODY = YES;
				CLANG_WARN_ENUM_CONVERSION = YES;
				CLANG_WARN_INFINITE_RECURSION = YES;
				CLANG_WARN_INT_CONVERSION = YES;
				CLANG_WARN_NON_LITERAL_NULL_CONVERSION = YES;
				CLANG_WARN_OBJC_IMPLICIT_RETAIN_SELF = YES;
				CLANG_WARN_OBJC_LITERAL_CONVERSION = YES;
				CLANG_WARN_OBJC_ROOT_CLASS = YES_ERROR;
				CLANG_WARN_QUOTED_INCLUDE_IN_FRAMEWORK_HEADER = YES;
				CLANG_WARN_RANGE_LOOP_ANALYSIS = YES;
				CLANG_WARN_STRICT_PROTOTYPES = YES;
				CLANG_WARN_SUSPICIOUS_MOVE = YES;
				CLANG_WARN_UNGUARDED_AVAILABILITY = YES_AGGRESSIVE;
				CLANG_WARN_UNREACHABLE_CODE = YES;
				CLANG_WARN__DUPLICATE_METHOD_MATCH = YES;
				COPY_PHASE_STRIP = NO;
				DEBUG_INFORMATION_FORMAT = dwarf;
				ENABLE_STRICT_OBJC_MSGSEND = YES;
				ENABLE_TESTABILITY = YES;
				GCC_C_LANGUAGE_STANDARD = gnu11;
				GCC_DYNAMIC_NO_PIC = NO;
				GCC_NO_COMMON_BLOCKS = YES;
				GCC_OPTIMIZATION_LEVEL = 0;
				GCC_PREPROCESSOR_DEFINITIONS = (
					"DEBUG=1",
					"$(inherited)",
				);
				GCC_WARN_64_TO_32_BIT_CONVERSION = YES;
				GCC_WARN_ABOUT_RETURN_TYPE = YES_ERROR;
				GCC_WARN_UNDECLARED_SELECTOR = YES;
				GCC_WARN_UNINITIALIZED_AUTOS = YES_AGGRESSIVE;
				GCC_WARN_UNUSED_FUNCTION = YES;
				GCC_WARN_UNUSED_VARIABLE = YES;
				IPHONEOS_DEPLOYMENT_TARGET = 14.2;
				MTL_ENABLE_DEBUG_INFO = INCLUDE_SOURCE;
				MTL_FAST_MATH = YES;
				ONLY_ACTIVE_ARCH = YES;
				SDKROOT = iphoneos;
				SWIFT_ACTIVE_COMPILATION_CONDITIONS = DEBUG;
				SWIFT_OPTIMIZATION_LEVEL = "-Onone";
			};
			name = Debug;
		};
		2A55FC81263551A7007340DC /* Release */ = {
			isa = XCBuildConfiguration;
			buildSettings = {
				ALWAYS_SEARCH_USER_PATHS = NO;
				CLANG_ANALYZER_NONNULL = YES;
				CLANG_ANALYZER_NUMBER_OBJECT_CONVERSION = YES_AGGRESSIVE;
				CLANG_CXX_LANGUAGE_STANDARD = "gnu++14";
				CLANG_CXX_LIBRARY = "libc++";
				CLANG_ENABLE_MODULES = YES;
				CLANG_ENABLE_OBJC_ARC = YES;
				CLANG_ENABLE_OBJC_WEAK = YES;
				CLANG_WARN_BLOCK_CAPTURE_AUTORELEASING = YES;
				CLANG_WARN_BOOL_CONVERSION = YES;
				CLANG_WARN_COMMA = YES;
				CLANG_WARN_CONSTANT_CONVERSION = YES;
				CLANG_WARN_DEPRECATED_OBJC_IMPLEMENTATIONS = YES;
				CLANG_WARN_DIRECT_OBJC_ISA_USAGE = YES_ERROR;
				CLANG_WARN_DOCUMENTATION_COMMENTS = YES;
				CLANG_WARN_EMPTY_BODY = YES;
				CLANG_WARN_ENUM_CONVERSION = YES;
				CLANG_WARN_INFINITE_RECURSION = YES;
				CLANG_WARN_INT_CONVERSION = YES;
				CLANG_WARN_NON_LITERAL_NULL_CONVERSION = YES;
				CLANG_WARN_OBJC_IMPLICIT_RETAIN_SELF = YES;
				CLANG_WARN_OBJC_LITERAL_CONVERSION = YES;
				CLANG_WARN_OBJC_ROOT_CLASS = YES_ERROR;
				CLANG_WARN_QUOTED_INCLUDE_IN_FRAMEWORK_HEADER = YES;
				CLANG_WARN_RANGE_LOOP_ANALYSIS = YES;
				CLANG_WARN_STRICT_PROTOTYPES = YES;
				CLANG_WARN_SUSPICIOUS_MOVE = YES;
				CLANG_WARN_UNGUARDED_AVAILABILITY = YES_AGGRESSIVE;
				CLANG_WARN_UNREACHABLE_CODE = YES;
				CLANG_WARN__DUPLICATE_METHOD_MATCH = YES;
				COPY_PHASE_STRIP = NO;
				DEBUG_INFORMATION_FORMAT = "dwarf-with-dsym";
				ENABLE_NS_ASSERTIONS = NO;
				ENABLE_STRICT_OBJC_MSGSEND = YES;
				GCC_C_LANGUAGE_STANDARD = gnu11;
				GCC_NO_COMMON_BLOCKS = YES;
				GCC_WARN_64_TO_32_BIT_CONVERSION = YES;
				GCC_WARN_ABOUT_RETURN_TYPE = YES_ERROR;
				GCC_WARN_UNDECLARED_SELECTOR = YES;
				GCC_WARN_UNINITIALIZED_AUTOS = YES_AGGRESSIVE;
				GCC_WARN_UNUSED_FUNCTION = YES;
				GCC_WARN_UNUSED_VARIABLE = YES;
				IPHONEOS_DEPLOYMENT_TARGET = 14.2;
				MTL_ENABLE_DEBUG_INFO = NO;
				MTL_FAST_MATH = YES;
				SDKROOT = iphoneos;
				SWIFT_COMPILATION_MODE = wholemodule;
				SWIFT_OPTIMIZATION_LEVEL = "-O";
				VALIDATE_PRODUCT = YES;
			};
			name = Release;
		};
		2A55FC83263551A7007340DC /* Debug */ = {
			isa = XCBuildConfiguration;
			buildSettings = {
				ASSETCATALOG_COMPILER_APPICON_NAME = AppIcon;
				ASSETCATALOG_COMPILER_GLOBAL_ACCENT_COLOR_NAME = AccentColor;
				CODE_SIGN_STYLE = Automatic;
				DEVELOPMENT_ASSET_PATHS = "\"HealthyFood/Preview Content\"";
				DEVELOPMENT_TEAM = QA29H4VW6G;
				ENABLE_PREVIEWS = YES;
				INFOPLIST_FILE = HealthyFood/Info.plist;
				IPHONEOS_DEPLOYMENT_TARGET = 15.0;
				LD_RUNPATH_SEARCH_PATHS = (
					"$(inherited)",
					"@executable_path/Frameworks",
				);
				PRODUCT_BUNDLE_IDENTIFIER = petrick.kai.HealthyFood;
				PRODUCT_NAME = "$(TARGET_NAME)";
				SWIFT_VERSION = 5.0;
				TARGETED_DEVICE_FAMILY = "1,2";
			};
			name = Debug;
		};
		2A55FC84263551A7007340DC /* Release */ = {
			isa = XCBuildConfiguration;
			buildSettings = {
				ASSETCATALOG_COMPILER_APPICON_NAME = AppIcon;
				ASSETCATALOG_COMPILER_GLOBAL_ACCENT_COLOR_NAME = AccentColor;
				CODE_SIGN_STYLE = Automatic;
				DEVELOPMENT_ASSET_PATHS = "\"HealthyFood/Preview Content\"";
				DEVELOPMENT_TEAM = QA29H4VW6G;
				ENABLE_PREVIEWS = YES;
				INFOPLIST_FILE = HealthyFood/Info.plist;
				IPHONEOS_DEPLOYMENT_TARGET = 15.0;
				LD_RUNPATH_SEARCH_PATHS = (
					"$(inherited)",
					"@executable_path/Frameworks",
				);
				PRODUCT_BUNDLE_IDENTIFIER = petrick.kai.HealthyFood;
				PRODUCT_NAME = "$(TARGET_NAME)";
				SWIFT_VERSION = 5.0;
				TARGETED_DEVICE_FAMILY = "1,2";
			};
			name = Release;
		};
		2A55FC86263551A7007340DC /* Debug */ = {
			isa = XCBuildConfiguration;
			buildSettings = {
				ALWAYS_EMBED_SWIFT_STANDARD_LIBRARIES = YES;
				BUNDLE_LOADER = "$(TEST_HOST)";
				CODE_SIGN_STYLE = Automatic;
				DEVELOPMENT_TEAM = QA29H4VW6G;
				INFOPLIST_FILE = HealthyFoodTests/Info.plist;
				IPHONEOS_DEPLOYMENT_TARGET = 14.2;
				LD_RUNPATH_SEARCH_PATHS = (
					"$(inherited)",
					"@executable_path/Frameworks",
					"@loader_path/Frameworks",
				);
				PRODUCT_BUNDLE_IDENTIFIER = petrick.kai.HealthyFoodTests;
				PRODUCT_NAME = "$(TARGET_NAME)";
				SWIFT_VERSION = 5.0;
				TARGETED_DEVICE_FAMILY = "1,2";
				TEST_HOST = "$(BUILT_PRODUCTS_DIR)/HealthyFood.app/HealthyFood";
			};
			name = Debug;
		};
		2A55FC87263551A7007340DC /* Release */ = {
			isa = XCBuildConfiguration;
			buildSettings = {
				ALWAYS_EMBED_SWIFT_STANDARD_LIBRARIES = YES;
				BUNDLE_LOADER = "$(TEST_HOST)";
				CODE_SIGN_STYLE = Automatic;
				DEVELOPMENT_TEAM = QA29H4VW6G;
				INFOPLIST_FILE = HealthyFoodTests/Info.plist;
				IPHONEOS_DEPLOYMENT_TARGET = 14.2;
				LD_RUNPATH_SEARCH_PATHS = (
					"$(inherited)",
					"@executable_path/Frameworks",
					"@loader_path/Frameworks",
				);
				PRODUCT_BUNDLE_IDENTIFIER = petrick.kai.HealthyFoodTests;
				PRODUCT_NAME = "$(TARGET_NAME)";
				SWIFT_VERSION = 5.0;
				TARGETED_DEVICE_FAMILY = "1,2";
				TEST_HOST = "$(BUILT_PRODUCTS_DIR)/HealthyFood.app/HealthyFood";
			};
			name = Release;
		};
		2A55FC89263551A7007340DC /* Debug */ = {
			isa = XCBuildConfiguration;
			buildSettings = {
				ALWAYS_EMBED_SWIFT_STANDARD_LIBRARIES = YES;
				CODE_SIGN_STYLE = Automatic;
				DEVELOPMENT_TEAM = QA29H4VW6G;
				INFOPLIST_FILE = HealthyFoodUITests/Info.plist;
				LD_RUNPATH_SEARCH_PATHS = (
					"$(inherited)",
					"@executable_path/Frameworks",
					"@loader_path/Frameworks",
				);
				PRODUCT_BUNDLE_IDENTIFIER = petrick.kai.HealthyFoodUITests;
				PRODUCT_NAME = "$(TARGET_NAME)";
				SWIFT_VERSION = 5.0;
				TARGETED_DEVICE_FAMILY = "1,2";
				TEST_TARGET_NAME = HealthyFood;
			};
			name = Debug;
		};
		2A55FC8A263551A7007340DC /* Release */ = {
			isa = XCBuildConfiguration;
			buildSettings = {
				ALWAYS_EMBED_SWIFT_STANDARD_LIBRARIES = YES;
				CODE_SIGN_STYLE = Automatic;
				DEVELOPMENT_TEAM = QA29H4VW6G;
				INFOPLIST_FILE = HealthyFoodUITests/Info.plist;
				LD_RUNPATH_SEARCH_PATHS = (
					"$(inherited)",
					"@executable_path/Frameworks",
					"@loader_path/Frameworks",
				);
				PRODUCT_BUNDLE_IDENTIFIER = petrick.kai.HealthyFoodUITests;
				PRODUCT_NAME = "$(TARGET_NAME)";
				SWIFT_VERSION = 5.0;
				TARGETED_DEVICE_FAMILY = "1,2";
				TEST_TARGET_NAME = HealthyFood;
			};
			name = Release;
		};
/* End XCBuildConfiguration section */

/* Begin XCConfigurationList section */
		2A55FC53263551A6007340DC /* Build configuration list for PBXProject "HealthyFood" */ = {
			isa = XCConfigurationList;
			buildConfigurations = (
				2A55FC80263551A7007340DC /* Debug */,
				2A55FC81263551A7007340DC /* Release */,
			);
			defaultConfigurationIsVisible = 0;
			defaultConfigurationName = Release;
		};
		2A55FC82263551A7007340DC /* Build configuration list for PBXNativeTarget "HealthyFood" */ = {
			isa = XCConfigurationList;
			buildConfigurations = (
				2A55FC83263551A7007340DC /* Debug */,
				2A55FC84263551A7007340DC /* Release */,
			);
			defaultConfigurationIsVisible = 0;
			defaultConfigurationName = Release;
		};
		2A55FC85263551A7007340DC /* Build configuration list for PBXNativeTarget "HealthyFoodTests" */ = {
			isa = XCConfigurationList;
			buildConfigurations = (
				2A55FC86263551A7007340DC /* Debug */,
				2A55FC87263551A7007340DC /* Release */,
			);
			defaultConfigurationIsVisible = 0;
			defaultConfigurationName = Release;
		};
		2A55FC88263551A7007340DC /* Build configuration list for PBXNativeTarget "HealthyFoodUITests" */ = {
			isa = XCConfigurationList;
			buildConfigurations = (
				2A55FC89263551A7007340DC /* Debug */,
				2A55FC8A263551A7007340DC /* Release */,
			);
			defaultConfigurationIsVisible = 0;
			defaultConfigurationName = Release;
		};
/* End XCConfigurationList section */
	};
	rootObject = 2A55FC50263551A6007340DC /* Project object */;
}
